{
  "name": "golivecheck-agent",
  "version": "0.0.1",
  "lockfileVersion": 3,
  "requires": true,
  "packages": {
    "": {
      "name": "golivecheck-agent",
      "version": "0.0.1",
      "license": "MIT",
      "dependencies": {
        "@axe-core/playwright": "^4.10.2",
        "playwright": "^1.55.0",
        "yaml": "^2.6.0"
      },
      "bin": {
        "golivecheck": "dist/cli.js",
        "golivecheck-agent": "dist/cli.js"
      },
      "devDependencies": {
        "@types/node": "^22.10.0",
        "tsx": "^4.19.2",
        "typescript": "^5.7.2",
        "vitest": "^2.1.8"
      },
      "engines": {
        "node": ">=20"
      }
    }
  }
}
