{
  "name": "golivecheck-agent",
  "version": "0.0.1",
  "lockfileVersion": 3,
  "requires": true,
  "packages": {
    "": {
      "name": "golivecheck-agent",
      "version": "0.0.1",
      "license": "MIT",
      "dependencies": {
        "@axe-core/playwright": "^4.10.2",
        "playwright": "^1.55.0",
        "yaml": "^2.6.0"
      }
    }
  }
}
